PODS:
  - IJKMediaPlayerKit (0.12.0)

DEPENDENCIES:
  - IJKMediaPlayerKit (from `../../`)

EXTERNAL SOURCES:
  IJKMediaPlayerKit:
    :path: "../../"

SPEC CHECKSUMS:
  IJKMediaPlayerKit: 06b823b3b62cef1d30d918bd7bed13d83e8cc450

PODFILE CHECKSUM: d43dab0c32100076be3851223f3b49ae2b96f4bb

COCOAPODS: 1.16.2
