PODS:
  - IJKMediaPlayerKit (0.12.0)

DEPENDENCIES:
  - IJKMediaPlayerKit (from `../../`)

EXTERNAL SOURCES:
  IJKMediaPlayerKit:
    :path: "../../"

SPEC CHECKSUMS:
  IJKMediaPlayerKit: 11a341eb37d0d8eaf83d0b661e4a34ed9c5dc28a

PODFILE CHECKSUM: cd296d63e0523ffeac3abedb895edb14934a2d48

COCOAPODS: 1.16.2
