PODS:
  - IJKMediaPlayerKit (0.11.9)

DEPENDENCIES:
  - IJKMediaPlayerKit (from `../../`)

EXTERNAL SOURCES:
  IJKMediaPlayerKit:
    :path: "../../"

SPEC CHECKSUMS:
  IJKMediaPlayerKit: 9a8542b15b2ba47326868c0e511bddbacc59407d

PODFILE CHECKSUM: 2b3991b8e0224d34278fd7e63e492e58381d69df

COCOAPODS: 1.16.2
